Microsoft Visual Studio Solution File, Format Version 12.00
# Visual Studio Version 17
VisualStudioVersion = 17.5.2.0
MinimumVisualStudioVersion = 10.0.40219.1
Project("{FAE04EC0-301F-11D3-BF4B-00C04F79EFBC}") = "transform-mservice", "transform-mservice.csproj", "{405CE1C7-9852-0C48-F1D3-743E0F38C13C}"
EndProject
Global
	GlobalSection(SolutionConfigurationPlatforms) = preSolution
		Debug|Any CPU = Debug|Any CPU
		Release|Any CPU = Release|Any CPU
	EndGlobalSection
	GlobalSection(ProjectConfigurationPlatforms) = postSolution
		{405CE1C7-9852-0C48-F1D3-743E0F38C13C}.Debug|Any CPU.ActiveCfg = Debug|Any CPU
		{405CE1C7-9852-0C48-F1D3-743E0F38C13C}.Debug|Any CPU.Build.0 = Debug|Any CPU
		{405CE1C7-9852-0C48-F1D3-743E0F38C13C}.Release|Any CPU.ActiveCfg = Release|Any CPU
		{405CE1C7-9852-0C48-F1D3-743E0F38C13C}.Release|Any CPU.Build.0 = Release|Any CPU
	EndGlobalSection
	GlobalSection(SolutionProperties) = preSolution
		HideSolutionNode = FALSE
	EndGlobalSection
	GlobalSection(ExtensibilityGlobals) = postSolution
		SolutionGuid = {5D0155EB-855C-4986-B19B-2F40E14084B8}
	EndGlobalSection
EndGlobal
